<?xml version="1.0" encoding="utf-8"?>
<Project ToolsVersion="4.0" xmlns="http://schemas.microsoft.com/developer/msbuild/2003">
  <ItemGroup>
    <Filter Include="Source Files">
      <UniqueIdentifier>{4FC737F1-C7A5-4376-A066-2A32D752A2FF}</UniqueIdentifier>
      <Extensions>cpp;cxx;c;def</Extensions>
    </Filter>
    <Filter Include="Header Files">
      <UniqueIdentifier>{93995380-89BD-4b04-88EB-625FBE52EBFB}</UniqueIdentifier>
      <Extensions>h</Extensions>
    </Filter>
    <Filter Include="Form Files">
      <UniqueIdentifier>{99349809-55BA-4b9d-BF79-8FDBB0286EB3}</UniqueIdentifier>
      <Extensions>ui</Extensions>
    </Filter>
    <Filter Include="Resource Files">
      <UniqueIdentifier>{D9D6E242-F8AF-46E4-B9FD-80ECBC20BA3E}</UniqueIdentifier>
      <Extensions>qrc;*</Extensions>
      <ParseFiles>false</ParseFiles>
    </Filter>
    <Filter Include="Generated Files">
      <UniqueIdentifier>{71ED8ED8-ACB9-4CE9-BBE1-E00B30144E11}</UniqueIdentifier>
      <Extensions>moc;h;cpp</Extensions>
      <SourceControlFiles>False</SourceControlFiles>
    </Filter>
    <Filter Include="Generated Files\Debug">
      <UniqueIdentifier>{8b464220-32c1-410b-a09e-a41a6ddd8c64}</UniqueIdentifier>
      <Extensions>cpp;moc</Extensions>
      <SourceControlFiles>False</SourceControlFiles>
    </Filter>
    <Filter Include="Generated Files\Release">
      <UniqueIdentifier>{b5e93900-bebc-4f62-a16f-7b7a696ef1b4}</UniqueIdentifier>
      <Extensions>cpp;moc</Extensions>
      <SourceControlFiles>False</SourceControlFiles>
    </Filter>
    <Filter Include="Header Files\DCEL">
      <UniqueIdentifier>{34228a82-74b3-4112-b73f-1f30ac564beb}</UniqueIdentifier>
    </Filter>
    <Filter Include="Source Files\DCEL">
      <UniqueIdentifier>{a1050de1-1b1d-49c2-8f93-e39b54161b67}</UniqueIdentifier>
    </Filter>
    <Filter Include="Header Files\LECP">
      <UniqueIdentifier>{7b24b634-7391-453b-ace5-b23dfca04bb4}</UniqueIdentifier>
    </Filter>
    <Filter Include="Source Files\LECP">
      <UniqueIdentifier>{072a9886-f3d7-4956-9fbf-e193af22970a}</UniqueIdentifier>
    </Filter>
    <Filter Include="Header Files\Ainimation">
      <UniqueIdentifier>{3281d47c-9f29-4923-9dea-f6e4b928d242}</UniqueIdentifier>
    </Filter>
    <Filter Include="Source Files\Animation">
      <UniqueIdentifier>{ad56fa2c-c357-4289-8113-1a25e147b264}</UniqueIdentifier>
    </Filter>
  </ItemGroup>
  <ItemGroup>
    <ClCompile Include="main.cpp">
      <Filter>Source Files</Filter>
    </ClCompile>
    <ClCompile Include="GeneratedFiles\qrc_lecp.cpp">
      <Filter>Generated Files</Filter>
    </ClCompile>
    <ClCompile Include="lecp.cpp">
      <Filter>Source Files\LECP</Filter>
    </ClCompile>
    <ClCompile Include="util.cpp">
      <Filter>Source Files</Filter>
    </ClCompile>
    <ClCompile Include="polygon.cpp">
      <Filter>Source Files\LECP</Filter>
    </ClCompile>
    <ClCompile Include="vertex.cpp">
      <Filter>Source Files\LECP</Filter>
    </ClCompile>
    <ClCompile Include="Paint.cpp">
      <Filter>Source Files\Animation</Filter>
    </ClCompile>
    <ClCompile Include="MyQPoint.cpp">
      <Filter>Source Files\Animation</Filter>
    </ClCompile>
    <ClCompile Include="MyQLine.cpp">
      <Filter>Source Files\Animation</Filter>
    </ClCompile>
    <ClCompile Include="half_edge.cpp">
      <Filter>Source Files\DCEL</Filter>
    </ClCompile>
    <ClCompile Include="mesh.cpp">
      <Filter>Source Files\DCEL</Filter>
    </ClCompile>
    <ClCompile Include="GeneratedFiles\Debug\moc_lecp.cpp">
      <Filter>Generated Files\Debug</Filter>
    </ClCompile>
    <ClCompile Include="GeneratedFiles\Release\moc_lecp.cpp">
      <Filter>Generated Files\Release</Filter>
    </ClCompile>
    <ClCompile Include="point.cpp">
      <Filter>Source Files</Filter>
    </ClCompile>
  </ItemGroup>
  <ItemGroup>
    <CustomBuild Include="lecp.ui">
      <Filter>Form Files</Filter>
    </CustomBuild>
    <CustomBuild Include="lecp.qrc">
      <Filter>Resource Files</Filter>
    </CustomBuild>
    <CustomBuild Include="lecp.h">
      <Filter>Header Files\LECP</Filter>
    </CustomBuild>
  </ItemGroup>
  <ItemGroup>
    <ClInclude Include="GeneratedFiles\ui_lecp.h">
      <Filter>Generated Files</Filter>
    </ClInclude>
    <ClInclude Include="util.h">
      <Filter>Header Files</Filter>
    </ClInclude>
    <ClInclude Include="half_edge.h">
      <Filter>Header Files\DCEL</Filter>
    </ClInclude>
    <ClInclude Include="mesh.h">
      <Filter>Header Files\DCEL</Filter>
    </ClInclude>
    <ClInclude Include="MyQLine.h">
      <Filter>Header Files\Ainimation</Filter>
    </ClInclude>
    <ClInclude Include="MyQPoint.h">
      <Filter>Header Files\Ainimation</Filter>
    </ClInclude>
    <ClInclude Include="Paint.h">
      <Filter>Header Files\Ainimation</Filter>
    </ClInclude>
    <ClInclude Include="polygon.h">
      <Filter>Header Files\LECP</Filter>
    </ClInclude>
    <ClInclude Include="vertex.h">
      <Filter>Header Files\LECP</Filter>
    </ClInclude>
    <ClInclude Include="lecp_doc.h">
      <Filter>Header Files</Filter>
    </ClInclude>
    <ClInclude Include="LECP_Point.h">
      <Filter>Header Files</Filter>
    </ClInclude>
    <ClInclude Include="point.h">
      <Filter>Header Files</Filter>
    </ClInclude>
    <ClInclude Include="resource1.h">
      <Filter>Header Files</Filter>
    </ClInclude>
  </ItemGroup>
  <ItemGroup>
    <ResourceCompile Include="LECP.rc" />
  </ItemGroup>
  <ItemGroup>
    <Image Include="Resources\clear.ico" />
    <Image Include="Resources\final.ico" />
    <Image Include="Resources\left.ico" />
    <Image Include="Resources\open.ico" />
    <Image Include="Resources\point.ico" />
    <Image Include="Resources\points.ico" />
    <Image Include="Resources\right.ico" />
    <Image Include="Resources\rpoints.ico" />
    <Image Include="Resources\save.ico" />
    <Image Include="Resources\start.ico" />
    <Image Include="Resources\stop.ico" />
    <Image Include="Resources\main.ico" />
  </ItemGroup>
</Project>